{
    "_readme": [
        "This file locks the dependencies of your project to a known state",
        "Read more about it at https://getcomposer.org/doc/01-basic-usage.md#installing-dependencies",
        "This file is @generated automatically"
    ],
    "content-hash": "73af4f0219df8dfc4a58094cdb4e6342",
    "packages": [
        {
            "name": "eznawca/comm",
            "version": "v1.0.2",
            "source": {
                "type": "git",
                "url": "https://github.com/eznawca/Comm.git",
                "reference": "0a9b150efcaa20b3f05329ad673712418897dd41"
            },
            "dist": {
                "type": "zip",
                "url": "https://api.github.com/repos/eznawca/Comm/zipball/0a9b150efcaa20b3f05329ad673712418897dd41",
                "reference": "0a9b150efcaa20b3f05329ad673712418897dd41",
                "shasum": ""
            },
            "require": {
                "ext-json": "*",
                "ext-mbstring": "*",
                "ext-zlib": "*",
                "php": "^7.3"
            },
            "type": "library",
            "autoload": {
                "files": [
                    "lib/global_functions.php"
                ],
                "psr-4": {
                    "Eznawca\\Comm\\": "lib/"
                }
            },
            "notification-url": "https://packagist.org/downloads/",
            "license": [
                "MIT"
            ],
            "authors": [
                {
                    "name": "Andrzej Mazur",
                    "email": "eznawca@gmail.com",
                    "homepage": "https://eznawca.pl",
                    "role": "Developer"
                }
            ],
            "description": "Multi-Tool library",
            "homepage": "https://eznawca.pl",
            "keywords": [
                "eznawca",
                "lekcjephp",
                "library",
                "multi",
                "multitool",
                "tool"
            ],
            "support": {
                "issues": "https://github.com/eznawca/Comm/issues",
                "source": "https://github.com/eznawca/Comm/tree/v1.0.2"
            },
            "time": "2021-07-26T01:43:30+00:00"
        }
    ],
    "packages-dev": [],
    "aliases": [],
    "minimum-stability": "stable",
    "stability-flags": [],
    "prefer-stable": false,
    "prefer-lowest": false,
    "platform": [],
    "platform-dev": [],
    "plugin-api-version": "2.1.0"
}
