{
    "_readme": [
        "This file locks the dependencies of your project to a known state",
        "Read more about it at https://getcomposer.org/doc/01-basic-usage.md#installing-dependencies",
        "This file is @generated automatically"
    ],
    "content-hash": "8ed4d58b520d13fe371c1b97fd431930",
    "packages": [
        {
            "name": "eznawca/comm",
            "version": "v2.0.0",
            "source": {
                "type": "git",
                "url": "https://github.com/eznawca/Comm.git",
                "reference": "6bc4ea1f7ec9f9d424c3161383f6ffabaf0be592"
            },
            "dist": {
                "type": "zip",
                "url": "https://api.github.com/repos/eznawca/Comm/zipball/6bc4ea1f7ec9f9d424c3161383f6ffabaf0be592",
                "reference": "6bc4ea1f7ec9f9d424c3161383f6ffabaf0be592",
                "shasum": ""
            },
            "require": {
                "ext-json": "*",
                "ext-mbstring": "*",
                "ext-zlib": "*",
                "php": "^5.6 || ^7.4"
            },
            "type": "library",
            "autoload": {
                "files": [
                    "src/global_functions.php"
                ],
                "psr-4": {
                    "Eznawca\\Comm\\": "src/"
                }
            },
            "notification-url": "https://packagist.org/downloads/",
            "license": [
                "MIT"
            ],
            "authors": [
                {
                    "name": "Andrzej Mazur",
                    "email": "eznawca@gmail.com",
                    "homepage": "https://eznawca.pl",
                    "role": "Developer"
                }
            ],
            "description": "Multi-Tool library",
            "homepage": "https://eznawca.pl",
            "keywords": [
                "eznawca",
                "lekcjephp",
                "library",
                "multi",
                "multitool",
                "tool"
            ],
            "support": {
                "issues": "https://github.com/eznawca/Comm/issues",
                "source": "https://github.com/eznawca/Comm/tree/v2.0.0"
            },
            "time": "2026-06-06T23:14:10+00:00"
        }
    ],
    "packages-dev": [],
    "aliases": [],
    "minimum-stability": "stable",
    "stability-flags": [],
    "prefer-stable": false,
    "prefer-lowest": false,
    "platform": {
        "ext-mbstring": "*"
    },
    "platform-dev": [],
    "plugin-api-version": "2.2.0"
}
